{
  "version": "4",
  "specifiers": {
    "jsr:@cliffy/internal@1.0.0-rc.7": "1.0.0-rc.7",
    "jsr:@cliffy/keycode@1.0.0-rc.7": "1.0.0-rc.7",
    "jsr:@cliffy/keypress@1.0.0-rc.7": "1.0.0-rc.7",
    "jsr:@denosaurs/tty@~0.2.1": "0.2.1",
    "jsr:@denosaurs/wait@*": "0.2.2",
    "jsr:@fathym/kia@0": "0.0.117",
    "jsr:@oak/commons@1": "1.0.0",
    "jsr:@oak/oak@*": "17.1.0",
    "jsr:@std/assert@1": "1.0.6",
    "jsr:@std/bytes@1": "1.0.2",
    "jsr:@std/bytes@^1.0.2": "1.0.2",
    "jsr:@std/crypto@1": "1.0.3",
    "jsr:@std/encoding@1": "1.0.5",
    "jsr:@std/encoding@^1.0.5": "1.0.5",
    "jsr:@std/fmt@1": "1.0.1",
    "jsr:@std/fmt@1.0.1": "1.0.1",
    "jsr:@std/http@1": "1.0.8",
    "jsr:@std/io@0.224": "0.224.9",
    "jsr:@std/media-types@1": "1.0.3",
    "jsr:@std/path@1": "1.0.6",
    "npm:@commercetools/importapi-sdk@latest": "5.9.0",
    "npm:@commercetools/platform-sdk@latest": "7.14.0",
    "npm:@commercetools/sdk-client-v2@*": "2.5.0",
    "npm:@commercetools/sdk-client-v2@latest": "2.5.0",
    "npm:@types/node@*": "22.5.4",
    "npm:path-to-regexp@6.2.1": "6.2.1"
  },
  "jsr": {
    "@cliffy/internal@1.0.0-rc.7": {
      "integrity": "10412636ab3e67517d448be9eaab1b70c88eba9be22617b5d146257a11cc9b17"
    },
    "@cliffy/keycode@1.0.0-rc.7": {
      "integrity": "5b3f6c33994e81a76b79f108b1989642ac22705840da33781f7972d7dff05503"
    },
    "@cliffy/keypress@1.0.0-rc.7": {
      "integrity": "2453a63bf1cf097d6cd13c343cf4d4305b58266a0968f055fb4c49163f746cbd",
      "dependencies": [
        "jsr:@cliffy/internal",
        "jsr:@cliffy/keycode"
      ]
    },
    "@denosaurs/tty@0.2.1": {
      "integrity": "f1fc651cc9021c90bf230a45c6eb893c26a54fae6a855e9cd26aad0083d772dd"
    },
    "@denosaurs/wait@0.2.2": {
      "integrity": "5ec0a7e72c57a96c9fdb2f4a52e2ce3b1ad010acc59fefe6f88054a9e27bc33d",
      "dependencies": [
        "jsr:@denosaurs/tty",
        "jsr:@std/fmt@1"
      ]
    },
    "@fathym/kia@0.0.117": {
      "integrity": "07b17d791b274a1c01b484ba14a2deb129843ab1162484d8b6ac40499c45e6dc",
      "dependencies": [
        "jsr:@std/fmt@1.0.1"
      ]
    },
    "@oak/commons@1.0.0": {
      "integrity": "49805b55603c3627a9d6235c0655aa2b6222d3036b3a13ff0380c16368f607ac",
      "dependencies": [
        "jsr:@std/assert",
        "jsr:@std/bytes@1",
        "jsr:@std/crypto",
        "jsr:@std/encoding@1",
        "jsr:@std/http",
        "jsr:@std/media-types"
      ]
    },
    "@oak/oak@17.1.0": {
      "integrity": "14ffb400c3c268bdc7b3a838664fab782b4ed35bb0dfe7669013c95bb12a9503",
      "dependencies": [
        "jsr:@oak/commons",
        "jsr:@std/assert",
        "jsr:@std/bytes@1",
        "jsr:@std/crypto",
        "jsr:@std/http",
        "jsr:@std/io",
        "jsr:@std/media-types",
        "jsr:@std/path",
        "npm:path-to-regexp"
      ]
    },
    "@std/assert@1.0.6": {
      "integrity": "1904c05806a25d94fe791d6d883b685c9e2dcd60e4f9fc30f4fc5cf010c72207"
    },
    "@std/bytes@1.0.2": {
      "integrity": "fbdee322bbd8c599a6af186a1603b3355e59a5fb1baa139f8f4c3c9a1b3e3d57"
    },
    "@std/crypto@1.0.3": {
      "integrity": "a2a32f51ddef632d299e3879cd027c630dcd4d1d9a5285d6e6788072f4e51e7f"
    },
    "@std/encoding@1.0.5": {
      "integrity": "ecf363d4fc25bd85bd915ff6733a7e79b67e0e7806334af15f4645c569fefc04"
    },
    "@std/fmt@1.0.1": {
      "integrity": "ef76c37faa7720faa8c20fd8cc74583f9b1e356dfd630c8714baa716a45856ab"
    },
    "@std/http@1.0.8": {
      "integrity": "6ea1b2e8d33929967754a3b6d6c6f399ad6647d7bbb5a466c1eaf9b294a6ebcd",
      "dependencies": [
        "jsr:@std/encoding@^1.0.5"
      ]
    },
    "@std/io@0.224.9": {
      "integrity": "4414664b6926f665102e73c969cfda06d2c4c59bd5d0c603fd4f1b1c840d6ee3",
      "dependencies": [
        "jsr:@std/bytes@^1.0.2"
      ]
    },
    "@std/media-types@1.0.3": {
      "integrity": "b12d30a7852f7578f4d210622df713bbfd1cbdd9b4ec2eaf5c1845ab70bab159"
    },
    "@std/path@1.0.6": {
      "integrity": "ab2c55f902b380cf28e0eec501b4906e4c1960d13f00e11cfbcd21de15f18fed"
    }
  },
  "npm": {
    "@commercetools/importapi-sdk@5.9.0": {
      "integrity": "sha512-CS1iaMdV6CJQ03HdUXZu+qDWOinQHzoDo4teU6SslkFvbvU9uKnCo5GDFHoaYRvQpZGYl8M4z3sd5Ls2IChWDw==",
      "dependencies": [
        "@commercetools/sdk-client-v2",
        "@commercetools/sdk-middleware-auth",
        "@commercetools/sdk-middleware-http",
        "@commercetools/sdk-middleware-logger"
      ]
    },
    "@commercetools/platform-sdk@7.14.0": {
      "integrity": "sha512-08/7yAxZFa6s5iKWw+67x17wa4pqiG8WHAW3dECWhkMpTME65qTHz5eyDfcCq8Tayo1rp46g67/2mWxrqapRAA==",
      "dependencies": [
        "@commercetools/sdk-client-v2",
        "@commercetools/sdk-middleware-auth",
        "@commercetools/sdk-middleware-http",
        "@commercetools/sdk-middleware-logger",
        "@commercetools/ts-client"
      ]
    },
    "@commercetools/sdk-client-v2@2.5.0": {
      "integrity": "sha512-v1y++O6yllG+IRTYm9jPE8s667+GapnysyGIf8NJDZbVwhvcanixZL4d20imXjCpOr4u1iZrgRftc90mgYqblw==",
      "dependencies": [
        "buffer",
        "node-fetch"
      ]
    },
    "@commercetools/sdk-middleware-auth@7.0.1": {
      "integrity": "sha512-XLRm+o3Yd0mkVoyzsOA98PUu0U0ajQdBHMhZ8N2XMOtL4OY8zsgT8ap5JneXV8zWZNiwIYYAYoUDwBlLZh2lAQ==",
      "dependencies": [
        "node-fetch"
      ]
    },
    "@commercetools/sdk-middleware-http@7.0.4": {
      "integrity": "sha512-YpBDTA1NqjfwqPxrll6FzDc0A7hLSRwd9OLGMlPcvUG2Je1ks8Pe34pLdPqz7jgdURwfFXRBmXxPhezDzMbnZA=="
    },
    "@commercetools/sdk-middleware-logger@3.0.0": {
      "integrity": "sha512-DhMXAA2yIch/AaGxy7st85Z1HFmeLtHWGkr9z5rX4xKjan4PHGB/IE5saAR+SNGHhs6+1Lp8vZEHDo3tFqVLmg=="
    },
    "@commercetools/ts-client@2.0.5": {
      "integrity": "sha512-v1hdwMdyGV/ja+pdgTvnA/qLiZ67Zepbaj1WzucHa/ub9V78ZuezZTExTFKhSMFm5c+mMzLwq0UpacAYlu4nmA==",
      "dependencies": [
        "abort-controller",
        "async-mutex",
        "buffer",
        "node-fetch",
        "uuid"
      ]
    },
    "@types/node@22.5.4": {
      "integrity": "sha512-FDuKUJQm/ju9fT/SeX/6+gBzoPzlVCzfzmGkwKvRHQVxi4BntVbyIwf6a4Xn62mrvndLiml6z/UBXIdEVjQLXg==",
      "dependencies": [
        "undici-types"
      ]
    },
    "abort-controller@3.0.0": {
      "integrity": "sha512-h8lQ8tacZYnR3vNQTgibj+tODHI5/+l06Au2Pcriv/Gmet0eaj4TwWH41sO9wnHDiQsEj19q0drzdWdeAHtweg==",
      "dependencies": [
        "event-target-shim"
      ]
    },
    "async-mutex@0.5.0": {
      "integrity": "sha512-1A94B18jkJ3DYq284ohPxoXbfTA5HsQ7/Mf4DEhcyLx3Bz27Rh59iScbB6EPiP+B+joue6YCxcMXSbFC1tZKwA==",
      "dependencies": [
        "tslib"
      ]
    },
    "base64-js@1.5.1": {
      "integrity": "sha512-AKpaYlHn8t4SVbOHCy+b5+KKgvR4vrsD8vbvrbiQJps7fKDTkjkDry6ji0rUJjC0kzbNePLwzxq8iypo41qeWA=="
    },
    "buffer@6.0.3": {
      "integrity": "sha512-FTiCpNxtwiZZHEZbcbTIcZjERVICn9yq/pDFkTl95/AxzD1naBctN7YO68riM/gLSDY7sdrMby8hofADYuuqOA==",
      "dependencies": [
        "base64-js",
        "ieee754"
      ]
    },
    "event-target-shim@5.0.1": {
      "integrity": "sha512-i/2XbnSz/uxRCU6+NdVJgKWDTM427+MqYbkQzD321DuCQJUqOuJKIA0IM2+W2xtYHdKOmZ4dR6fExsd4SXL+WQ=="
    },
    "ieee754@1.2.1": {
      "integrity": "sha512-dcyqhDvX1C46lXZcVqCpK+FtMRQVdIMN6/Df5js2zouUsqG7I6sFxitIC+7KYK29KdXOLHdu9zL4sFnoVQnqaA=="
    },
    "node-fetch@2.7.0": {
      "integrity": "sha512-c4FRfUm/dbcWZ7U+1Wq0AwCyFL+3nt2bEw05wfxSz+DWpWsitgmSgYmy2dQdWyKC1694ELPqMs/YzUSNozLt8A==",
      "dependencies": [
        "whatwg-url"
      ]
    },
    "path-to-regexp@6.2.1": {
      "integrity": "sha512-JLyh7xT1kizaEvcaXOQwOc2/Yhw6KZOvPf1S8401UyLk86CU79LN3vl7ztXGm/pZ+YjoyAJ4rxmHwbkBXJX+yw=="
    },
    "tr46@0.0.3": {
      "integrity": "sha512-N3WMsuqV66lT30CrXNbEjx4GEwlow3v6rr4mCcv6prnfwhS01rkgyFdjPNBYd9br7LpXV1+Emh01fHnq2Gdgrw=="
    },
    "tslib@2.7.0": {
      "integrity": "sha512-gLXCKdN1/j47AiHiOkJN69hJmcbGTHI0ImLmbYLHykhgeN0jVGola9yVjFgzCUklsZQMW55o+dW7IXv3RCXDzA=="
    },
    "undici-types@6.19.8": {
      "integrity": "sha512-ve2KP6f/JnbPBFyobGHuerC9g1FYGn/F8n1LWTwNxCEzd6IfqTwUQcNXgEtmmQ6DlRrC1hrSrBnCZPokRrDHjw=="
    },
    "uuid@10.0.0": {
      "integrity": "sha512-8XkAphELsDnEGrDxUOHB3RGvXz6TeuYSGEZBOjtTtPm2lwhGBjLgOzLHB63IUWfBpNucQjND6d3AOudO+H3RWQ=="
    },
    "webidl-conversions@3.0.1": {
      "integrity": "sha512-2JAn3z8AR6rjK8Sm8orRC0h/bcl/DqL7tRPdGZ4I1CjdF+EaMLmYxBHyXuKL849eucPFhvBoxMsflfOb8kxaeQ=="
    },
    "whatwg-url@5.0.0": {
      "integrity": "sha512-saE57nupxk6v3HY35+jzBwYa0rKSy0XR8JSxZPwgLr7ys0IBzhGviA1/TUGJLmSVqs8pb9AnvICXEuOHLprYTw==",
      "dependencies": [
        "tr46",
        "webidl-conversions"
      ]
    }
  },
  "redirects": {
    "https://deno.land/x/oak/mod.ts": "https://deno.land/x/oak@v17.1.0/mod.ts",
    "https://deno.land/x/object_hash/mod.ts": "https://deno.land/x/object_hash@2.0.3.1/mod.ts",
    "https://deno.land/x/spinners/mod.ts": "https://deno.land/x/spinners@v1.1.2/mod.ts"
  },
  "remote": {
    "https://deno.land/std@0.52.0/fmt/colors.ts": "ec9d653672a9a3c7b6eafe53c5bc797364a2db2dcf766ab649c1155fea7a80b2",
    "https://deno.land/std@0.76.0/encoding/base64.ts": "b1d8f99b778981548457ec74bc6273ad785ffd6f61b2233bd5b30925345b565d",
    "https://deno.land/std@0.76.0/encoding/hex.ts": "07a03ba41c96060a4ed4ba272e50b9e23f3c5b3839f4b069cdebc24d57434386",
    "https://deno.land/std@0.76.0/hash/_wasm/hash.ts": "005f64c4d9343ecbc91e0da9ae5e800f146c20930ad829bbb872c5c06bd89c5f",
    "https://deno.land/std@0.76.0/hash/_wasm/wasm.js": "5ac48aa0c3931d7f31dba628be5ab0aa4e786354197eb4d7d0583f9b50be1397",
    "https://deno.land/std@0.76.0/hash/hasher.ts": "099c9e2a91b9f106b9f01379705e17e7d9de392ee1ea2b8684a2adfa82ac3bfc",
    "https://deno.land/std@0.76.0/hash/mod.ts": "e764a6a9ab2f5519a97f928e17cc13d984e3dd5c7f742ff9c1c8fb3114790f0c",
    "https://deno.land/x/dotenv@v1.0.1/mod.ts": "63fd3efe09577aa68749fe6c881edba2530156834bd94effbd4a93501a341ebb",
    "https://deno.land/x/dotenv@v1.0.1/util.ts": "15875ce1e2840d3d3c7b0f74d699218be065c23accd0737993cbf51ea216d0c5",
    "https://deno.land/x/oak@v17.1.0/application.ts": "2bcc73b3f22a193554c9958f7080ea635db25594d25ff7944021fca5bf74adba",
    "https://deno.land/x/oak@v17.1.0/body.ts": "f84e31e923fdadc3463519a4ab5409083d00281ae4cae00b9594af3e808f3007",
    "https://deno.land/x/oak@v17.1.0/context.ts": "345cfdaa5a2310558ee0863f2fba5f9ba648188412b16ce342c33266c085f5d3",
    "https://deno.land/x/oak@v17.1.0/deps.ts": "b778c76e91d6d2afe6124981212b6dc3d0b195739ea01857a45396dc78812b59",
    "https://deno.land/x/oak@v17.1.0/http_server_bun.ts": "cb3a66c735cd0533c4c3776b37ae627ab42344c82f91dff63e3030d9656fd3a0",
    "https://deno.land/x/oak@v17.1.0/http_server_native.ts": "3bea00ebb9638203d2449fbf9a14a6b87f119bd45012f13282ececdf7b4c4242",
    "https://deno.land/x/oak@v17.1.0/http_server_native_request.ts": "a4da6f4939736e6323720db2d4b0d19ff2e83f02e52ab1eea9ae80f2c047fa56",
    "https://deno.land/x/oak@v17.1.0/http_server_node.ts": "9bb5291c15305b297fd634aa4c6b1d5054368f4b7a171d7c7c302c73eb2489ed",
    "https://deno.land/x/oak@v17.1.0/middleware.ts": "4170180fe5009d2581a0bdc995e5953b90ccb5b1c3767f3eae8a4fe238b8bd81",
    "https://deno.land/x/oak@v17.1.0/middleware/etag.ts": "eb3cb3a8862ca1990ce80b7d1c3f142c866b22d34c2f785a0e8b46bc34b91f7d",
    "https://deno.land/x/oak@v17.1.0/middleware/proxy.ts": "a0b4964509d4320735ffbe52ae2629c78e302dd9b934fcf2ddf189d491469892",
    "https://deno.land/x/oak@v17.1.0/middleware/serve.ts": "efceebd70afb73bcabe0a6a8981f3d8474a2f2f30e85b46761aee49e81bd9d6a",
    "https://deno.land/x/oak@v17.1.0/mod.ts": "38e53e01e609583e843f3e2b2677de9872d23d68939ce0de85b402e7a8db01a7",
    "https://deno.land/x/oak@v17.1.0/node_shims.ts": "4db1569b2b79b73f37c4d947f4aaa50a93e266d48fe67601c8a31af17a28884d",
    "https://deno.land/x/oak@v17.1.0/request.ts": "1e7f2c338cd6889b616bbdc9e2062eac27acbffde05c685adfb1c60ecc80682a",
    "https://deno.land/x/oak@v17.1.0/response.ts": "75724db76f2dd782827f2dcaa00e4e1732709399bad2458c787fed2c95c4f8be",
    "https://deno.land/x/oak@v17.1.0/router.ts": "882f36a576e280b0d617cc174feca320f02deed77bdea8264444ba8b55cc0422",
    "https://deno.land/x/oak@v17.1.0/send.ts": "340676bbed632dd11194b930467a4e1aec64199b08328e6394cb7669b64c98a6",
    "https://deno.land/x/oak@v17.1.0/testing.ts": "2b80f231aa2207ecdee690da46e230d1e5375d95b268dfaa5205b2b2f6cc740f",
    "https://deno.land/x/oak@v17.1.0/types.ts": "cd4ccd3e182d0cba2117cd27f560267970470ab9c0ff6556cadd73f605193be7",
    "https://deno.land/x/oak@v17.1.0/utils/clone_state.ts": "cf8989ddd56816b36ada253ae0acdbd46cdf3d68dbe674d2b66c46640fab3500",
    "https://deno.land/x/oak@v17.1.0/utils/consts.ts": "137c4f73479f5e98a13153b9305f06f0d85df3cf2aacad2c9f82d4c1f3a2f105",
    "https://deno.land/x/oak@v17.1.0/utils/create_promise_with_resolvers.ts": "de99e9a998162b929a011f8873eaf0895cf4742492b3ce6f6866d39217342523",
    "https://deno.land/x/oak@v17.1.0/utils/decode_component.ts": "d3e2c40ecdd2fdb79761c6e9ae224cf01a4643f7c5f4c1e0b69698d43025261b",
    "https://deno.land/x/oak@v17.1.0/utils/encode_url.ts": "c0ed6b318eb9523adeebba32eb9acd059c0f94d3511b2b9e3b024722d1b3dfb8",
    "https://deno.land/x/oak@v17.1.0/utils/resolve_path.ts": "aa39d54a003b38fee55f340a0cba3f93a7af85b8ddd5fbfb049a98fc0109b36d",
    "https://deno.land/x/oak@v17.1.0/utils/streams.ts": "3da73b94681f8d27a82cc67df3f91090ec0bd6c3e9ab957af588d41ab585d923",
    "https://deno.land/x/oak@v17.1.0/utils/type_guards.ts": "a8dbb5ab7424f0355b121537d2454f927e0ca9949262fb67ac4fbefbd5880313",
    "https://deno.land/x/object_hash@2.0.3.1/index.ts": "74b20a0065dc0066c60510174626db1d18e53ec966edb6f76fa33a67aa0c44e3",
    "https://deno.land/x/object_hash@2.0.3.1/mod.ts": "648559bcafb54b930d4b6a283cc2eef20afa54de471371a97c2ccf8116941148",
    "https://deno.land/x/spinners@v1.1.2/mod.ts": "ed5b3562d4ea6c6887bc7e9844612b08a3bc3a3678ca77cc7dfdf461c362751e",
    "https://deno.land/x/spinners@v1.1.2/spinner-types.ts": "c67e6962a0c738aa57b4d3ad9fe06c8c0131f93360acbf95456f2ba200fd8826",
    "https://deno.land/x/spinners@v1.1.2/terminal-spinner.ts": "1cf0c38a423781734e2e538323c1992027830d741e90f0b81f532e5bc993d035",
    "https://deno.land/x/spinners@v1.1.2/util.ts": "7083203bedbda2e6144a14a7dd093747a7a01e73d95637c888bae8ac22a1c58b"
  }
}
